// !$*UTF8*$!
{
	archiveVersion = 1;
	classes = {
	};
	objectVersion = 50;
	objects = {

/* Begin PBXBuildFile section */
		34DE5689243323580045932B /* AppDelegate.swift in Sources */ = {isa = PBXBuildFile; fileRef = 34DE5688243323580045932B /* AppDelegate.swift */; };
		34DE568B243323580045932B /* SceneDelegate.swift in Sources */ = {isa = PBXBuildFile; fileRef = 34DE568A243323580045932B /* SceneDelegate.swift */; };
		34DE568D243323580045932B /* ViewController.swift in Sources */ = {isa = PBXBuildFile; fileRef = 34DE568C243323580045932B /* ViewController.swift */; };
		34DE5690243323580045932B /* Main.storyboard in Resources */ = {isa = PBXBuildFile; fileRef = 34DE568E243323580045932B /* Main.storyboard */; };
		34DE56922433235C0045932B /* Assets.xcassets in Resources */ = {isa = PBXBuildFile; fileRef = 34DE56912433235C0045932B /* Assets.xcassets */; };
		34DE56952433235C0045932B /* LaunchScreen.storyboard in Resources */ = {isa = PBXBuildFile; fileRef = 34DE56932433235C0045932B /* LaunchScreen.storyboard */; };
		34DE56A02433235C0045932B /* Class02Tests.swift in Sources */ = {isa = PBXBuildFile; fileRef = 34DE569F2433235C0045932B /* Class02Tests.swift */; };
		34DE56AB2433235C0045932B /* Class02UITests.swift in Sources */ = {isa = PBXBuildFile; fileRef = 34DE56AA2433235C0045932B /* Class02UITests.swift */; };
/* End PBXBuildFile section */

/* Begin PBXContainerItemProxy section */
		34DE569C2433235C0045932B /* PBXContainerItemProxy */ = {
			isa = PBXContainerItemProxy;
			containerPortal = 34DE567D243323580045932B /* Project object */;
			proxyType = 1;
			remoteGlobalIDString = 34DE5684243323580045932B;
			remoteInfo = Class02;
		};
		34DE56A72433235C0045932B /* PBXContainerItemProxy */ = {
			isa = PBXContainerItemProxy;
			containerPortal = 34DE567D243323580045932B /* Project object */;
			proxyType = 1;
			remoteGlobalIDString = 34DE5684243323580045932B;
			remoteInfo = Class02;
		};
/* End PBXContainerItemProxy section */

/* Begin PBXFileReference section */
		34DE5685243323580045932B /* Class02.app */ = {isa = PBXFileReference; explicitFileType = wrapper.application; includeInIndex = 0; path = Class02.app; sourceTree = BUILT_PRODUCTS_DIR; };
		34DE5688243323580045932B /* AppDelegate.swift */ = {isa = PBXFileReference; lastKnownFileType = sourcecode.swift; path = AppDelegate.swift; sourceTree = "<group>"; };
		34DE568A243323580045932B /* SceneDelegate.swift */ = {isa = PBXFileReference; lastKnownFileType = sourcecode.swift; path = SceneDelegate.swift; sourceTree = "<group>"; };
		34DE568C243323580045932B /* ViewController.swift */ = {isa = PBXFileReference; lastKnownFileType = sourcecode.swift; path = ViewController.swift; sourceTree = "<group>"; };
		34DE568F243323580045932B /* Base */ = {isa = PBXFileReference; lastKnownFileType = file.storyboard; name = Base; path = Base.lproj/Main.storyboard; sourceTree = "<group>"; };
		34DE56912433235C0045932B /* Assets.xcassets */ = {isa = PBXFileReference; lastKnownFileType = folder.assetcatalog; path = Assets.xcassets; sourceTree = "<group>"; };
		34DE56942433235C0045932B /* Base */ = {isa = PBXFileReference; lastKnownFileType = file.storyboard; name = Base; path = Base.lproj/LaunchScreen.storyboard; sourceTree = "<group>"; };
		34DE56962433235C0045932B /* Info.plist */ = {isa = PBXFileReference; lastKnownFileType = text.plist.xml; path = Info.plist; sourceTree = "<group>"; };
		34DE569B2433235C0045932B /* Class02Tests.xctest */ = {isa = PBXFileReference; explicitFileType = wrapper.cfbundle; includeInIndex = 0; path = Class02Tests.xctest; sourceTree = BUILT_PRODUCTS_DIR; };
		34DE569F2433235C0045932B /* Class02Tests.swift */ = {isa = PBXFileReference; lastKnownFileType = sourcecode.swift; path = Class02Tests.swift; sourceTree = "<group>"; };
		34DE56A12433235C0045932B /* Info.plist */ = {isa = PBXFileReference; lastKnownFileType = text.plist.xml; path = Info.plist; sourceTree = "<group>"; };
		34DE56A62433235C0045932B /* Class02UITests.xctest */ = {isa = PBXFileReference; explicitFileType = wrapper.cfbundle; includeInIndex = 0; path = Class02UITests.xctest; sourceTree = BUILT_PRODUCTS_DIR; };
		34DE56AA2433235C0045932B /* Class02UITests.swift */ = {isa = PBXFileReference; lastKnownFileType = sourcecode.swift; path = Class02UITests.swift; sourceTree = "<group>"; };
		34DE56AC2433235C0045932B /* Info.plist */ = {isa = PBXFileReference; lastKnownFileType = text.plist.xml; path = Info.plist; sourceTree = "<group>"; };
/* End PBXFileReference section */

/* Begin PBXFrameworksBuildPhase section */
		34DE5682243323580045932B /* Frameworks */ = {
			isa = PBXFrameworksBuildPhase;
			buildActionMask = 2147483647;
			files = (
			);
			runOnlyForDeploymentPostprocessing = 0;
		};
		34DE56982433235C0045932B /* Frameworks */ = {
			isa = PBXFrameworksBuildPhase;
			buildActionMask = 2147483647;
			files = (
			);
			runOnlyForDeploymentPostprocessing = 0;
		};
		34DE56A32433235C0045932B /* Frameworks */ = {
			isa = PBXFrameworksBuildPhase;
			buildActionMask = 2147483647;
			files = (
			);
			runOnlyForDeploymentPostprocessing = 0;
		};
/* End PBXFrameworksBuildPhase section */

/* Begin PBXGroup section */
		34DE567C243323580045932B = {
			isa = PBXGroup;
			children = (
				34DE5687243323580045932B /* Class02 */,
				34DE569E2433235C0045932B /* Class02Tests */,
				34DE56A92433235C0045932B /* Class02UITests */,
				34DE5686243323580045932B /* Products */,
			);
			sourceTree = "<group>";
		};
		34DE5686243323580045932B /* Products */ = {
			isa = PBXGroup;
			children = (
				34DE5685243323580045932B /* Class02.app */,
				34DE569B2433235C0045932B /* Class02Tests.xctest */,
				34DE56A62433235C0045932B /* Class02UITests.xctest */,
			);
			name = Products;
			sourceTree = "<group>";
		};
		34DE5687243323580045932B /* Class02 */ = {
			isa = PBXGroup;
			children = (
				34DE5688243323580045932B /* AppDelegate.swift */,
				34DE568A243323580045932B /* SceneDelegate.swift */,
				34DE568C243323580045932B /* ViewController.swift */,
				34DE568E243323580045932B /* Main.storyboard */,
				34DE56912433235C0045932B /* Assets.xcassets */,
				34DE56932433235C0045932B /* LaunchScreen.storyboard */,
				34DE56962433235C0045932B /* Info.plist */,
			);
			path = Class02;
			sourceTree = "<group>";
		};
		34DE569E2433235C0045932B /* Class02Tests */ = {
			isa = PBXGroup;
			children = (
				34DE569F2433235C0045932B /* Class02Tests.swift */,
				34DE56A12433235C0045932B /* Info.plist */,
			);
			path = Class02Tests;
			sourceTree = "<group>";
		};
		34DE56A92433235C0045932B /* Class02UITests */ = {
			isa = PBXGroup;
			children = (
				34DE56AA2433235C0045932B /* Class02UITests.swift */,
				34DE56AC2433235C0045932B /* Info.plist */,
			);
			path = Class02UITests;
			sourceTree = "<group>";
		};
/* End PBXGroup section */

/* Begin PBXNativeTarget section */
		34DE5684243323580045932B /* Class02 */ = {
			isa = PBXNativeTarget;
			buildConfigurationList = 34DE56AF2433235C0045932B /* Build configuration list for PBXNativeTarget "Class02" */;
			buildPhases = (
				34DE5681243323580045932B /* Sources */,
				34DE5682243323580045932B /* Frameworks */,
				34DE5683243323580045932B /* Resources */,
			);
			buildRules = (
			);
			dependencies = (
			);
			name = Class02;
			productName = Class02;
			productReference = 34DE5685243323580045932B /* Class02.app */;
			productType = "com.apple.product-type.application";
		};
		34DE569A2433235C0045932B /* Class02Tests */ = {
			isa = PBXNativeTarget;
			buildConfigurationList = 34DE56B22433235C0045932B /* Build configuration list for PBXNativeTarget "Class02Tests" */;
			buildPhases = (
				34DE56972433235C0045932B /* Sources */,
				34DE56982433235C0045932B /* Frameworks */,
				34DE56992433235C0045932B /* Resources */,
			);
			buildRules = (
			);
			dependencies = (
				34DE569D2433235C0045932B /* PBXTargetDependency */,
			);
			name = Class02Tests;
			productName = Class02Tests;
			productReference = 34DE569B2433235C0045932B /* Class02Tests.xctest */;
			productType = "com.apple.product-type.bundle.unit-test";
		};
		34DE56A52433235C0045932B /* Class02UITests */ = {
			isa = PBXNativeTarget;
			buildConfigurationList = 34DE56B52433235C0045932B /* Build configuration list for PBXNativeTarget "Class02UITests" */;
			buildPhases = (
				34DE56A22433235C0045932B /* Sources */,
				34DE56A32433235C0045932B /* Frameworks */,
				34DE56A42433235C0045932B /* Resources */,
			);
			buildRules = (
			);
			dependencies = (
				34DE56A82433235C0045932B /* PBXTargetDependency */,
			);
			name = Class02UITests;
			productName = Class02UITests;
			productReference = 34DE56A62433235C0045932B /* Class02UITests.xctest */;
			productType = "com.apple.product-type.bundle.ui-testing";
		};
/* End PBXNativeTarget section */

/* Begin PBXProject section */
		34DE567D243323580045932B /* Project object */ = {
			isa = PBXProject;
			attributes = {
				LastSwiftUpdateCheck = 1130;
				LastUpgradeCheck = 1130;
				ORGANIZATIONNAME = "朱詩婷";
				TargetAttributes = {
					34DE5684243323580045932B = {
						CreatedOnToolsVersion = 11.3.1;
					};
					34DE569A2433235C0045932B = {
						CreatedOnToolsVersion = 11.3.1;
						TestTargetID = 34DE5684243323580045932B;
					};
					34DE56A52433235C0045932B = {
						CreatedOnToolsVersion = 11.3.1;
						TestTargetID = 34DE5684243323580045932B;
					};
				};
			};
			buildConfigurationList = 34DE5680243323580045932B /* Build configuration list for PBXProject "Class02" */;
			compatibilityVersion = "Xcode 9.3";
			developmentRegion = en;
			hasScannedForEncodings = 0;
			knownRegions = (
				en,
				Base,
			);
			mainGroup = 34DE567C243323580045932B;
			productRefGroup = 34DE5686243323580045932B /* Products */;
			projectDirPath = "";
			projectRoot = "";
			targets = (
				34DE5684243323580045932B /* Class02 */,
				34DE569A2433235C0045932B /* Class02Tests */,
				34DE56A52433235C0045932B /* Class02UITests */,
			);
		};
/* End PBXProject section */

/* Begin PBXResourcesBuildPhase section */
		34DE5683243323580045932B /* Resources */ = {
			isa = PBXResourcesBuildPhase;
			buildActionMask = 2147483647;
			files = (
				34DE56952433235C0045932B /* LaunchScreen.storyboard in Resources */,
				34DE56922433235C0045932B /* Assets.xcassets in Resources */,
				34DE5690243323580045932B /* Main.storyboard in Resources */,
			);
			runOnlyForDeploymentPostprocessing = 0;
		};
		34DE56992433235C0045932B /* Resources */ = {
			isa = PBXResourcesBuildPhase;
			buildActionMask = 2147483647;
			files = (
			);
			runOnlyForDeploymentPostprocessing = 0;
		};
		34DE56A42433235C0045932B /* Resources */ = {
			isa = PBXResourcesBuildPhase;
			buildActionMask = 2147483647;
			files = (
			);
			runOnlyForDeploymentPostprocessing = 0;
		};
/* End PBXResourcesBuildPhase section */

/* Begin PBXSourcesBuildPhase section */
		34DE5681243323580045932B /* Sources */ = {
			isa = PBXSourcesBuildPhase;
			buildActionMask = 2147483647;
			files = (
				34DE568D243323580045932B /* ViewController.swift in Sources */,
				34DE5689243323580045932B /* AppDelegate.swift in Sources */,
				34DE568B243323580045932B /* SceneDelegate.swift in Sources */,
			);
			runOnlyForDeploymentPostprocessing = 0;
		};
		34DE56972433235C0045932B /* Sources */ = {
			isa = PBXSourcesBuildPhase;
			buildActionMask = 2147483647;
			files = (
				34DE56A02433235C0045932B /* Class02Tests.swift in Sources */,
			);
			runOnlyForDeploymentPostprocessing = 0;
		};
		34DE56A22433235C0045932B /* Sources */ = {
			isa = PBXSourcesBuildPhase;
			buildActionMask = 2147483647;
			files = (
				34DE56AB2433235C0045932B /* Class02UITests.swift in Sources */,
			);
			runOnlyForDeploymentPostprocessing = 0;
		};
/* End PBXSourcesBuildPhase section */

/* Begin PBXTargetDependency section */
		34DE569D2433235C0045932B /* PBXTargetDependency */ = {
			isa = PBXTargetDependency;
			target = 34DE5684243323580045932B /* Class02 */;
			targetProxy = 34DE569C2433235C0045932B /* PBXContainerItemProxy */;
		};
		34DE56A82433235C0045932B /* PBXTargetDependency */ = {
			isa = PBXTargetDependency;
			target = 34DE5684243323580045932B /* Class02 */;
			targetProxy = 34DE56A72433235C0045932B /* PBXContainerItemProxy */;
		};
/* End PBXTargetDependency section */

/* Begin PBXVariantGroup section */
		34DE568E243323580045932B /* Main.storyboard */ = {
			isa = PBXVariantGroup;
			children = (
				34DE568F243323580045932B /* Base */,
			);
			name = Main.storyboard;
			sourceTree = "<group>";
		};
		34DE56932433235C0045932B /* LaunchScreen.storyboard */ = {
			isa = PBXVariantGroup;
			children = (
				34DE56942433235C0045932B /* Base */,
			);
			name = LaunchScreen.storyboard;
			sourceTree = "<group>";
		};
/* End PBXVariantGroup section */

/* Begin XCBuildConfiguration section */
		34DE56AD2433235C0045932B /* Debug */ = {
			isa = XCBuildConfiguration;
			buildSettings = {
				ALWAYS_SEARCH_USER_PATHS = NO;
				CLANG_ANALYZER_NONNULL = YES;
				CLANG_ANALYZER_NUMBER_OBJECT_CONVERSION = YES_AGGRESSIVE;
				CLANG_CXX_LANGUAGE_STANDARD = "gnu++14";
				CLANG_CXX_LIBRARY = "libc++";
				CLANG_ENABLE_MODULES = YES;
				CLANG_ENABLE_OBJC_ARC = YES;
				CLANG_ENABLE_OBJC_WEAK = YES;
				CLANG_WARN_BLOCK_CAPTURE_AUTORELEASING = YES;
				CLANG_WARN_BOOL_CONVERSION = YES;
				CLANG_WARN_COMMA = YES;
				CLANG_WARN_CONSTANT_CONVERSION = YES;
				CLANG_WARN_DEPRECATED_OBJC_IMPLEMENTATIONS = YES;
				CLANG_WARN_DIRECT_OBJC_ISA_USAGE = YES_ERROR;
				CLANG_WARN_DOCUMENTATION_COMMENTS = YES;
				CLANG_WARN_EMPTY_BODY = YES;
				CLANG_WARN_ENUM_CONVERSION = YES;
				CLANG_WARN_INFINITE_RECURSION = YES;
				CLANG_WARN_INT_CONVERSION = YES;
				CLANG_WARN_NON_LITERAL_NULL_CONVERSION = YES;
				CLANG_WARN_OBJC_IMPLICIT_RETAIN_SELF = YES;
				CLANG_WARN_OBJC_LITERAL_CONVERSION = YES;
				CLANG_WARN_OBJC_ROOT_CLASS = YES_ERROR;
				CLANG_WARN_RANGE_LOOP_ANALYSIS = YES;
				CLANG_WARN_STRICT_PROTOTYPES = YES;
				CLANG_WARN_SUSPICIOUS_MOVE = YES;
				CLANG_WARN_UNGUARDED_AVAILABILITY = YES_AGGRESSIVE;
				CLANG_WARN_UNREACHABLE_CODE = YES;
				CLANG_WARN__DUPLICATE_METHOD_MATCH = YES;
				COPY_PHASE_STRIP = NO;
				DEBUG_INFORMATION_FORMAT = dwarf;
				ENABLE_STRICT_OBJC_MSGSEND = YES;
				ENABLE_TESTABILITY = YES;
				GCC_C_LANGUAGE_STANDARD = gnu11;
				GCC_DYNAMIC_NO_PIC = NO;
				GCC_NO_COMMON_BLOCKS = YES;
				GCC_OPTIMIZATION_LEVEL = 0;
				GCC_PREPROCESSOR_DEFINITIONS = (
					"DEBUG=1",
					"$(inherited)",
				);
				GCC_WARN_64_TO_32_BIT_CONVERSION = YES;
				GCC_WARN_ABOUT_RETURN_TYPE = YES_ERROR;
				GCC_WARN_UNDECLARED_SELECTOR = YES;
				GCC_WARN_UNINITIALIZED_AUTOS = YES_AGGRESSIVE;
				GCC_WARN_UNUSED_FUNCTION = YES;
				GCC_WARN_UNUSED_VARIABLE = YES;
				IPHONEOS_DEPLOYMENT_TARGET = 13.2;
				MTL_ENABLE_DEBUG_INFO = INCLUDE_SOURCE;
				MTL_FAST_MATH = YES;
				ONLY_ACTIVE_ARCH = YES;
				SDKROOT = iphoneos;
				SWIFT_ACTIVE_COMPILATION_CONDITIONS = DEBUG;
				SWIFT_OPTIMIZATION_LEVEL = "-Onone";
			};
			name = Debug;
		};
		34DE56AE2433235C0045932B /* Release */ = {
			isa = XCBuildConfiguration;
			buildSettings = {
				ALWAYS_SEARCH_USER_PATHS = NO;
				CLANG_ANALYZER_NONNULL = YES;
				CLANG_ANALYZER_NUMBER_OBJECT_CONVERSION = YES_AGGRESSIVE;
				CLANG_CXX_LANGUAGE_STANDARD = "gnu++14";
				CLANG_CXX_LIBRARY = "libc++";
				CLANG_ENABLE_MODULES = YES;
				CLANG_ENABLE_OBJC_ARC = YES;
				CLANG_ENABLE_OBJC_WEAK = YES;
				CLANG_WARN_BLOCK_CAPTURE_AUTORELEASING = YES;
				CLANG_WARN_BOOL_CONVERSION = YES;
				CLANG_WARN_COMMA = YES;
				CLANG_WARN_CONSTANT_CONVERSION = YES;
				CLANG_WARN_DEPRECATED_OBJC_IMPLEMENTATIONS = YES;
				CLANG_WARN_DIRECT_OBJC_ISA_USAGE = YES_ERROR;
				CLANG_WARN_DOCUMENTATION_COMMENTS = YES;
				CLANG_WARN_EMPTY_BODY = YES;
				CLANG_WARN_ENUM_CONVERSION = YES;
				CLANG_WARN_INFINITE_RECURSION = YES;
				CLANG_WARN_INT_CONVERSION = YES;
				CLANG_WARN_NON_LITERAL_NULL_CONVERSION = YES;
				CLANG_WARN_OBJC_IMPLICIT_RETAIN_SELF = YES;
				CLANG_WARN_OBJC_LITERAL_CONVERSION = YES;
				CLANG_WARN_OBJC_ROOT_CLASS = YES_ERROR;
				CLANG_WARN_RANGE_LOOP_ANALYSIS = YES;
				CLANG_WARN_STRICT_PROTOTYPES = YES;
				CLANG_WARN_SUSPICIOUS_MOVE = YES;
				CLANG_WARN_UNGUARDED_AVAILABILITY = YES_AGGRESSIVE;
				CLANG_WARN_UNREACHABLE_CODE = YES;
				CLANG_WARN__DUPLICATE_METHOD_MATCH = YES;
				COPY_PHASE_STRIP = NO;
				DEBUG_INFORMATION_FORMAT = "dwarf-with-dsym";
				ENABLE_NS_ASSERTIONS = NO;
				ENABLE_STRICT_OBJC_MSGSEND = YES;
				GCC_C_LANGUAGE_STANDARD = gnu11;
				GCC_NO_COMMON_BLOCKS = YES;
				GCC_WARN_64_TO_32_BIT_CONVERSION = YES;
				GCC_WARN_ABOUT_RETURN_TYPE = YES_ERROR;
				GCC_WARN_UNDECLARED_SELECTOR = YES;
				GCC_WARN_UNINITIALIZED_AUTOS = YES_AGGRESSIVE;
				GCC_WARN_UNUSED_FUNCTION = YES;
				GCC_WARN_UNUSED_VARIABLE = YES;
				IPHONEOS_DEPLOYMENT_TARGET = 13.2;
				MTL_ENABLE_DEBUG_INFO = NO;
				MTL_FAST_MATH = YES;
				SDKROOT = iphoneos;
				SWIFT_COMPILATION_MODE = wholemodule;
				SWIFT_OPTIMIZATION_LEVEL = "-O";
				VALIDATE_PRODUCT = YES;
			};
			name = Release;
		};
		34DE56B02433235C0045932B /* Debug */ = {
			isa = XCBuildConfiguration;
			buildSettings = {
				ASSETCATALOG_COMPILER_APPICON_NAME = AppIcon;
				CODE_SIGN_STYLE = Automatic;
				INFOPLIST_FILE = Class02/Info.plist;
				LD_RUNPATH_SEARCH_PATHS = (
					"$(inherited)",
					"@executable_path/Frameworks",
				);
				PRODUCT_BUNDLE_IDENTIFIER = idv.clalire.Class02;
				PRODUCT_NAME = "$(TARGET_NAME)";
				SWIFT_VERSION = 5.0;
				TARGETED_DEVICE_FAMILY = "1,2";
			};
			name = Debug;
		};
		34DE56B12433235C0045932B /* Release */ = {
			isa = XCBuildConfiguration;
			buildSettings = {
				ASSETCATALOG_COMPILER_APPICON_NAME = AppIcon;
				CODE_SIGN_STYLE = Automatic;
				INFOPLIST_FILE = Class02/Info.plist;
				LD_RUNPATH_SEARCH_PATHS = (
					"$(inherited)",
					"@executable_path/Frameworks",
				);
				PRODUCT_BUNDLE_IDENTIFIER = idv.clalire.Class02;
				PRODUCT_NAME = "$(TARGET_NAME)";
				SWIFT_VERSION = 5.0;
				TARGETED_DEVICE_FAMILY = "1,2";
			};
			name = Release;
		};
		34DE56B32433235C0045932B /* Debug */ = {
			isa = XCBuildConfiguration;
			buildSettings = {
				ALWAYS_EMBED_SWIFT_STANDARD_LIBRARIES = YES;
				BUNDLE_LOADER = "$(TEST_HOST)";
				CODE_SIGN_STYLE = Automatic;
				INFOPLIST_FILE = Class02Tests/Info.plist;
				IPHONEOS_DEPLOYMENT_TARGET = 13.2;
				LD_RUNPATH_SEARCH_PATHS = (
					"$(inherited)",
					"@executable_path/Frameworks",
					"@loader_path/Frameworks",
				);
				PRODUCT_BUNDLE_IDENTIFIER = idv.clalire.Class02Tests;
				PRODUCT_NAME = "$(TARGET_NAME)";
				SWIFT_VERSION = 5.0;
				TARGETED_DEVICE_FAMILY = "1,2";
				TEST_HOST = "$(BUILT_PRODUCTS_DIR)/Class02.app/Class02";
			};
			name = Debug;
		};
		34DE56B42433235C0045932B /* Release */ = {
			isa = XCBuildConfiguration;
			buildSettings = {
				ALWAYS_EMBED_SWIFT_STANDARD_LIBRARIES = YES;
				BUNDLE_LOADER = "$(TEST_HOST)";
				CODE_SIGN_STYLE = Automatic;
				INFOPLIST_FILE = Class02Tests/Info.plist;
				IPHONEOS_DEPLOYMENT_TARGET = 13.2;
				LD_RUNPATH_SEARCH_PATHS = (
					"$(inherited)",
					"@executable_path/Frameworks",
					"@loader_path/Frameworks",
				);
				PRODUCT_BUNDLE_IDENTIFIER = idv.clalire.Class02Tests;
				PRODUCT_NAME = "$(TARGET_NAME)";
				SWIFT_VERSION = 5.0;
				TARGETED_DEVICE_FAMILY = "1,2";
				TEST_HOST = "$(BUILT_PRODUCTS_DIR)/Class02.app/Class02";
			};
			name = Release;
		};
		34DE56B62433235C0045932B /* Debug */ = {
			isa = XCBuildConfiguration;
			buildSettings = {
				ALWAYS_EMBED_SWIFT_STANDARD_LIBRARIES = YES;
				CODE_SIGN_STYLE = Automatic;
				INFOPLIST_FILE = Class02UITests/Info.plist;
				LD_RUNPATH_SEARCH_PATHS = (
					"$(inherited)",
					"@executable_path/Frameworks",
					"@loader_path/Frameworks",
				);
				PRODUCT_BUNDLE_IDENTIFIER = idv.clalire.Class02UITests;
				PRODUCT_NAME = "$(TARGET_NAME)";
				SWIFT_VERSION = 5.0;
				TARGETED_DEVICE_FAMILY = "1,2";
				TEST_TARGET_NAME = Class02;
			};
			name = Debug;
		};
		34DE56B72433235C0045932B /* Release */ = {
			isa = XCBuildConfiguration;
			buildSettings = {
				ALWAYS_EMBED_SWIFT_STANDARD_LIBRARIES = YES;
				CODE_SIGN_STYLE = Automatic;
				INFOPLIST_FILE = Class02UITests/Info.plist;
				LD_RUNPATH_SEARCH_PATHS = (
					"$(inherited)",
					"@executable_path/Frameworks",
					"@loader_path/Frameworks",
				);
				PRODUCT_BUNDLE_IDENTIFIER = idv.clalire.Class02UITests;
				PRODUCT_NAME = "$(TARGET_NAME)";
				SWIFT_VERSION = 5.0;
				TARGETED_DEVICE_FAMILY = "1,2";
				TEST_TARGET_NAME = Class02;
			};
			name = Release;
		};
/* End XCBuildConfiguration section */

/* Begin XCConfigurationList section */
		34DE5680243323580045932B /* Build configuration list for PBXProject "Class02" */ = {
			isa = XCConfigurationList;
			buildConfigurations = (
				34DE56AD2433235C0045932B /* Debug */,
				34DE56AE2433235C0045932B /* Release */,
			);
			defaultConfigurationIsVisible = 0;
			defaultConfigurationName = Release;
		};
		34DE56AF2433235C0045932B /* Build configuration list for PBXNativeTarget "Class02" */ = {
			isa = XCConfigurationList;
			buildConfigurations = (
				34DE56B02433235C0045932B /* Debug */,
				34DE56B12433235C0045932B /* Release */,
			);
			defaultConfigurationIsVisible = 0;
			defaultConfigurationName = Release;
		};
		34DE56B22433235C0045932B /* Build configuration list for PBXNativeTarget "Class02Tests" */ = {
			isa = XCConfigurationList;
			buildConfigurations = (
				34DE56B32433235C0045932B /* Debug */,
				34DE56B42433235C0045932B /* Release */,
			);
			defaultConfigurationIsVisible = 0;
			defaultConfigurationName = Release;
		};
		34DE56B52433235C0045932B /* Build configuration list for PBXNativeTarget "Class02UITests" */ = {
			isa = XCConfigurationList;
			buildConfigurations = (
				34DE56B62433235C0045932B /* Debug */,
				34DE56B72433235C0045932B /* Release */,
			);
			defaultConfigurationIsVisible = 0;
			defaultConfigurationName = Release;
		};
/* End XCConfigurationList section */
	};
	rootObject = 34DE567D243323580045932B /* Project object */;
}
